
Microsoft Visual Studio Solution File, Format Version 12.00
# Visual Studio Version 17
VisualStudioVersion = 17.14.36408.4 d17.14
MinimumVisualStudioVersion = 10.0.40219.1
Project("{FAE04EC0-301F-11D3-BF4B-00C04F79EFBC}") = "Petshop.MVC", "Petshop.MVC\Petshop.MVC.csproj", "{F23C1487-A33C-41CD-9752-DCA59D22CF53}"
EndProject
Project("{FAE04EC0-301F-11D3-BF4B-00C04F79EFBC}") = "Petshop.DAL", "Petshop.DAL\Petshop.DAL.csproj", "{325636D9-39D0-4D26-8804-981755E2DABE}"
EndProject
Project("{FAE04EC0-301F-11D3-BF4B-00C04F79EFBC}") = "Petshop.BLL", "Petshop.BLL\Petshop.BLL.csproj", "{02B8FDD9-B067-4513-8E70-C3FDE55DC8B2}"
EndProject
Global
	GlobalSection(SolutionConfigurationPlatforms) = preSolution
		Debug|Any CPU = Debug|Any CPU
		Release|Any CPU = Release|Any CPU
	EndGlobalSection
	GlobalSection(ProjectConfigurationPlatforms) = postSolution
		{F23C1487-A33C-41CD-9752-DCA59D22CF53}.Debug|Any CPU.ActiveCfg = Debug|Any CPU
		{F23C1487-A33C-41CD-9752-DCA59D22CF53}.Debug|Any CPU.Build.0 = Debug|Any CPU
		{F23C1487-A33C-41CD-9752-DCA59D22CF53}.Release|Any CPU.ActiveCfg = Release|Any CPU
		{F23C1487-A33C-41CD-9752-DCA59D22CF53}.Release|Any CPU.Build.0 = Release|Any CPU
		{325636D9-39D0-4D26-8804-981755E2DABE}.Debug|Any CPU.ActiveCfg = Debug|Any CPU
		{325636D9-39D0-4D26-8804-981755E2DABE}.Debug|Any CPU.Build.0 = Debug|Any CPU
		{325636D9-39D0-4D26-8804-981755E2DABE}.Release|Any CPU.ActiveCfg = Release|Any CPU
		{325636D9-39D0-4D26-8804-981755E2DABE}.Release|Any CPU.Build.0 = Release|Any CPU
		{02B8FDD9-B067-4513-8E70-C3FDE55DC8B2}.Debug|Any CPU.ActiveCfg = Debug|Any CPU
		{02B8FDD9-B067-4513-8E70-C3FDE55DC8B2}.Debug|Any CPU.Build.0 = Debug|Any CPU
		{02B8FDD9-B067-4513-8E70-C3FDE55DC8B2}.Release|Any CPU.ActiveCfg = Release|Any CPU
		{02B8FDD9-B067-4513-8E70-C3FDE55DC8B2}.Release|Any CPU.Build.0 = Release|Any CPU
	EndGlobalSection
	GlobalSection(SolutionProperties) = preSolution
		HideSolutionNode = FALSE
	EndGlobalSection
	GlobalSection(ExtensibilityGlobals) = postSolution
		SolutionGuid = {4E04F273-6670-41F8-ACBC-973258317D10}
	EndGlobalSection
EndGlobal
